
Microsoft Visual Studio Solution File, Format Version 12.00
# Visual Studio 2012
Project("{FAE04EC0-301F-11D3-BF4B-00C04F79EFBC}") = "PrimeGeneratorWPF", "PrimeGeneratorWPF\PrimeGeneratorWPF.csproj", "{B6372F63-1FD6-4C45-930B-BCBCC7F91386}"
EndProject
Project("{FAE04EC0-301F-11D3-BF4B-00C04F79EFBC}") = "PrimeGeneratorWPF.Tests", "PrimeGeneratorWPF.Tests\PrimeGeneratorWPF.Tests.csproj", "{DBF2BB97-4D00-46DD-8B7F-027E5CA61953}"
EndProject
Global
	GlobalSection(SolutionConfigurationPlatforms) = preSolution
		Debug|Any CPU = Debug|Any CPU
		Release|Any CPU = Release|Any CPU
	EndGlobalSection
	GlobalSection(ProjectConfigurationPlatforms) = postSolution
		{B6372F63-1FD6-4C45-930B-BCBCC7F91386}.Debug|Any CPU.ActiveCfg = Debug|Any CPU
		{B6372F63-1FD6-4C45-930B-BCBCC7F91386}.Debug|Any CPU.Build.0 = Debug|Any CPU
		{B6372F63-1FD6-4C45-930B-BCBCC7F91386}.Release|Any CPU.ActiveCfg = Release|Any CPU
		{B6372F63-1FD6-4C45-930B-BCBCC7F91386}.Release|Any CPU.Build.0 = Release|Any CPU
		{DBF2BB97-4D00-46DD-8B7F-027E5CA61953}.Debug|Any CPU.ActiveCfg = Debug|Any CPU
		{DBF2BB97-4D00-46DD-8B7F-027E5CA61953}.Debug|Any CPU.Build.0 = Debug|Any CPU
		{DBF2BB97-4D00-46DD-8B7F-027E5CA61953}.Release|Any CPU.ActiveCfg = Release|Any CPU
		{DBF2BB97-4D00-46DD-8B7F-027E5CA61953}.Release|Any CPU.Build.0 = Release|Any CPU
	EndGlobalSection
	GlobalSection(SolutionProperties) = preSolution
		HideSolutionNode = FALSE
	EndGlobalSection
EndGlobal
